
Microsoft Visual Studio Solution File, Format Version 12.00
# Visual Studio Version 17
VisualStudioVersion = 17.14.36119.2 d17.14
MinimumVisualStudioVersion = 10.0.40219.1
Project("{FAE04EC0-301F-11D3-BF4B-00C04F79EFBC}") = "DSAlgoTeacher", "DSAlgoTeacher\DSAlgoTeacher.csproj", "{D38BC2AF-D478-46CA-BD68-ED1775D4232D}"
EndProject
Global
	GlobalSection(SolutionConfigurationPlatforms) = preSolution
		Debug|Any CPU = Debug|Any CPU
		Release|Any CPU = Release|Any CPU
	EndGlobalSection
	GlobalSection(ProjectConfigurationPlatforms) = postSolution
		{D38BC2AF-D478-46CA-BD68-ED1775D4232D}.Debug|Any CPU.ActiveCfg = Debug|Any CPU
		{D38BC2AF-D478-46CA-BD68-ED1775D4232D}.Debug|Any CPU.Build.0 = Debug|Any CPU
		{D38BC2AF-D478-46CA-BD68-ED1775D4232D}.Release|Any CPU.ActiveCfg = Release|Any CPU
		{D38BC2AF-D478-46CA-BD68-ED1775D4232D}.Release|Any CPU.Build.0 = Release|Any CPU
	EndGlobalSection
	GlobalSection(SolutionProperties) = preSolution
		HideSolutionNode = FALSE
	EndGlobalSection
	GlobalSection(ExtensibilityGlobals) = postSolution
		SolutionGuid = {54F90193-98FB-4BCA-9C27-69BBA7A94836}
	EndGlobalSection
EndGlobal
